
Microsoft Visual Studio Solution File, Format Version 12.00
# Visual Studio 14
VisualStudioVersion = 14.0.25123.0
MinimumVisualStudioVersion = 10.0.40219.1
Project("{FAE04EC0-301F-11D3-BF4B-00C04F79EFBC}") = "Leora.IO", "Leora.IO\Leora.IO.csproj", "{1C90AB9D-DC0D-4A40-BB69-FD68BE2DBBD1}"
EndProject
Project("{FAE04EC0-301F-11D3-BF4B-00C04F79EFBC}") = "Leora.IO.FileSystemWatcher", "Leora.IO.FileSystemWatcher\Leora.IO.FileSystemWatcher.csproj", "{DC92B90B-0E4F-4979-8B49-E2C2F2BC10FD}"
EndProject
Project("{FAE04EC0-301F-11D3-BF4B-00C04F79EFBC}") = "Leora.IO.Templates", "Leora.IO.Templates\Leora.IO.Templates.csproj", "{375F5758-CF58-41B8-9338-575E9D124CE9}"
EndProject
Project("{FAE04EC0-301F-11D3-BF4B-00C04F79EFBC}") = "Leora.IO.Configuration", "Leora.IO.Configuration\Leora.IO.Configuration.csproj", "{E9F7AF68-EDC1-4809-98FA-1500ACAA1AA2}"
EndProject
Project("{FAE04EC0-301F-11D3-BF4B-00C04F79EFBC}") = "Leora.IO.Data", "Leora.IO.Data\Leora.IO.Data.csproj", "{608143A4-0ECD-49B6-A26B-A34C87EED541}"
EndProject
Project("{FAE04EC0-301F-11D3-BF4B-00C04F79EFBC}") = "Leora.IO.Models", "Leora.IO.Models\Leora.IO.Models.csproj", "{CEAAF937-63E3-452C-B9DF-71F045ED69BB}"
EndProject
Project("{FAE04EC0-301F-11D3-BF4B-00C04F79EFBC}") = "Leora.IO.ExtensionMethods", "Leora.IO.ExtensionMethods\Leora.IO.ExtensionMethods.csproj", "{708371B5-4BBD-4E5D-806F-584ED6C37865}"
EndProject
Project("{FAE04EC0-301F-11D3-BF4B-00C04F79EFBC}") = "Leora.IO.Tests", "Leora.IO.Tests\Leora.IO.Tests.csproj", "{8E22F2EA-D41F-4085-8F19-4ACFFD32CA31}"
EndProject
Project("{FAE04EC0-301F-11D3-BF4B-00C04F79EFBC}") = "Leora.IO.AngularSeed", "Leora.IO.AngularSeed\Leora.IO.AngularSeed.csproj", "{6E985A09-34E0-4B8D-9A75-AF944D9DD10E}"
EndProject
Project("{FAE04EC0-301F-11D3-BF4B-00C04F79EFBC}") = "Common", "Common\Common.csproj", "{B8D08536-8E4F-4B86-B377-3E1A4376608A}"
EndProject
Project("{FAE04EC0-301F-11D3-BF4B-00C04F79EFBC}") = "Leora.IO.AcceptanceTests", "Leora.IO.AcceptanceTests\Leora.IO.AcceptanceTests.csproj", "{DF323C9D-F603-42CE-AB23-E95CA69FFB80}"
EndProject
Project("{FAE04EC0-301F-11D3-BF4B-00C04F79EFBC}") = "Leora.Cli", "Leora.Cli\Leora.Cli.csproj", "{027435A2-1ECB-4708-81AB-B66443A076BC}"
EndProject
Project("{FAE04EC0-301F-11D3-BF4B-00C04F79EFBC}") = "Leora.Commands", "Leora.Commands\Leora.Commands.csproj", "{62AF635D-6669-41D4-BE7E-1A7F08771996}"
EndProject
Project("{2150E333-8FDC-42A3-9474-1A3956D46DE8}") = "Legacy", "Legacy", "{19E3808B-0F63-43CF-9607-BEB6BB7D750F}"
EndProject
Project("{FAE04EC0-301F-11D3-BF4B-00C04F79EFBC}") = "Leora.Commands.Contracts", "Leora.Commands.Contracts\Leora.Commands.Contracts.csproj", "{239C7774-BAB3-4842-B86B-FE813708CE02}"
EndProject
Project("{FAE04EC0-301F-11D3-BF4B-00C04F79EFBC}") = "Leora.Commands.AspNetWebApi2", "Leora.Commands.AspNetWebApi2\Leora.Commands.AspNetWebApi2.csproj", "{FCD1C652-D683-45CD-8FD9-DDEE37B702A5}"
EndProject
Project("{FAE04EC0-301F-11D3-BF4B-00C04F79EFBC}") = "Leora.Commands.Angular2", "Leora.Commands.Angular2\Leora.Commands.Angular2.csproj", "{29C5A412-7336-45B2-9D3B-2C76DE500F83}"
EndProject
Project("{FAE04EC0-301F-11D3-BF4B-00C04F79EFBC}") = "Leora.Services", "Leora.Services\Leora.Services.csproj", "{DC37D489-7DFC-4465-89B6-14F4C38A4551}"
EndProject
Project("{FAE04EC0-301F-11D3-BF4B-00C04F79EFBC}") = "Leora.Services.Contracts", "Leora.Services.Contracts\Leora.Services.Contracts.csproj", "{A9A20D8A-9E00-40C9-8C4A-CE41A428285A}"
EndProject
Project("{FAE04EC0-301F-11D3-BF4B-00C04F79EFBC}") = "Leora.Models", "Leora.Models\Leora.Models.csproj", "{90A53448-6CDD-478B-9060-AE15783E8F8D}"
EndProject
Project("{FAE04EC0-301F-11D3-BF4B-00C04F79EFBC}") = "Leora.Commands.Angular1", "Leora.Commands.Angular1\Leora.Commands.Angular1.csproj", "{7701064B-9E44-497B-98BC-2CD18D1486ED}"
EndProject
Project("{FAE04EC0-301F-11D3-BF4B-00C04F79EFBC}") = "Leora.Commands.React", "Leora.Commands.React\Leora.Commands.React.csproj", "{012098C2-1AD5-49C5-BBBC-5BF58D54C055}"
EndProject
Project("{FAE04EC0-301F-11D3-BF4B-00C04F79EFBC}") = "Leora.Templates", "Leora.Templates\Leora.Templates.csproj", "{CAF0382E-8A4F-490D-9CEB-3C0506C027C2}"
EndProject
Project("{FAE04EC0-301F-11D3-BF4B-00C04F79EFBC}") = "Leora.Services.Angular1", "Leora.Services.Angular1\Leora.Services.Angular1.csproj", "{92DBA871-9779-4E38-AC8F-8955D371AE80}"
EndProject
Project("{FAE04EC0-301F-11D3-BF4B-00C04F79EFBC}") = "Leora.Services.AspNetWebApi2", "Leora.Services.AspNetWebApi2\Leora.Services.AspNetWebApi2.csproj", "{BCE03BDF-EBCC-4328-82E9-EC67CA529076}"
EndProject
Project("{FAE04EC0-301F-11D3-BF4B-00C04F79EFBC}") = "Leora.Commands.Handlebars", "Leora.Commands.Handlebars\Leora.Commands.Handlebars.csproj", "{E66EFBC1-5E16-4A00-A3FB-A671FB68ECC5}"
EndProject
Global
	GlobalSection(SolutionConfigurationPlatforms) = preSolution
		Debug|Any CPU = Debug|Any CPU
		Release|Any CPU = Release|Any CPU
	EndGlobalSection
	GlobalSection(ProjectConfigurationPlatforms) = postSolution
		{1C90AB9D-DC0D-4A40-BB69-FD68BE2DBBD1}.Debug|Any CPU.ActiveCfg = Debug|Any CPU
		{1C90AB9D-DC0D-4A40-BB69-FD68BE2DBBD1}.Debug|Any CPU.Build.0 = Debug|Any CPU
		{1C90AB9D-DC0D-4A40-BB69-FD68BE2DBBD1}.Release|Any CPU.ActiveCfg = Release|Any CPU
		{1C90AB9D-DC0D-4A40-BB69-FD68BE2DBBD1}.Release|Any CPU.Build.0 = Release|Any CPU
		{DC92B90B-0E4F-4979-8B49-E2C2F2BC10FD}.Debug|Any CPU.ActiveCfg = Debug|Any CPU
		{DC92B90B-0E4F-4979-8B49-E2C2F2BC10FD}.Debug|Any CPU.Build.0 = Debug|Any CPU
		{DC92B90B-0E4F-4979-8B49-E2C2F2BC10FD}.Release|Any CPU.ActiveCfg = Release|Any CPU
		{DC92B90B-0E4F-4979-8B49-E2C2F2BC10FD}.Release|Any CPU.Build.0 = Release|Any CPU
		{375F5758-CF58-41B8-9338-575E9D124CE9}.Debug|Any CPU.ActiveCfg = Debug|Any CPU
		{375F5758-CF58-41B8-9338-575E9D124CE9}.Debug|Any CPU.Build.0 = Debug|Any CPU
		{375F5758-CF58-41B8-9338-575E9D124CE9}.Release|Any CPU.ActiveCfg = Release|Any CPU
		{375F5758-CF58-41B8-9338-575E9D124CE9}.Release|Any CPU.Build.0 = Release|Any CPU
		{E9F7AF68-EDC1-4809-98FA-1500ACAA1AA2}.Debug|Any CPU.ActiveCfg = Debug|Any CPU
		{E9F7AF68-EDC1-4809-98FA-1500ACAA1AA2}.Debug|Any CPU.Build.0 = Debug|Any CPU
		{E9F7AF68-EDC1-4809-98FA-1500ACAA1AA2}.Release|Any CPU.ActiveCfg = Release|Any CPU
		{E9F7AF68-EDC1-4809-98FA-1500ACAA1AA2}.Release|Any CPU.Build.0 = Release|Any CPU
		{608143A4-0ECD-49B6-A26B-A34C87EED541}.Debug|Any CPU.ActiveCfg = Debug|Any CPU
		{608143A4-0ECD-49B6-A26B-A34C87EED541}.Debug|Any CPU.Build.0 = Debug|Any CPU
		{608143A4-0ECD-49B6-A26B-A34C87EED541}.Release|Any CPU.ActiveCfg = Release|Any CPU
		{608143A4-0ECD-49B6-A26B-A34C87EED541}.Release|Any CPU.Build.0 = Release|Any CPU
		{CEAAF937-63E3-452C-B9DF-71F045ED69BB}.Debug|Any CPU.ActiveCfg = Debug|Any CPU
		{CEAAF937-63E3-452C-B9DF-71F045ED69BB}.Debug|Any CPU.Build.0 = Debug|Any CPU
		{CEAAF937-63E3-452C-B9DF-71F045ED69BB}.Release|Any CPU.ActiveCfg = Release|Any CPU
		{CEAAF937-63E3-452C-B9DF-71F045ED69BB}.Release|Any CPU.Build.0 = Release|Any CPU
		{708371B5-4BBD-4E5D-806F-584ED6C37865}.Debug|Any CPU.ActiveCfg = Debug|Any CPU
		{708371B5-4BBD-4E5D-806F-584ED6C37865}.Debug|Any CPU.Build.0 = Debug|Any CPU
		{708371B5-4BBD-4E5D-806F-584ED6C37865}.Release|Any CPU.ActiveCfg = Release|Any CPU
		{708371B5-4BBD-4E5D-806F-584ED6C37865}.Release|Any CPU.Build.0 = Release|Any CPU
		{8E22F2EA-D41F-4085-8F19-4ACFFD32CA31}.Debug|Any CPU.ActiveCfg = Debug|Any CPU
		{8E22F2EA-D41F-4085-8F19-4ACFFD32CA31}.Debug|Any CPU.Build.0 = Debug|Any CPU
		{8E22F2EA-D41F-4085-8F19-4ACFFD32CA31}.Release|Any CPU.ActiveCfg = Release|Any CPU
		{8E22F2EA-D41F-4085-8F19-4ACFFD32CA31}.Release|Any CPU.Build.0 = Release|Any CPU
		{6E985A09-34E0-4B8D-9A75-AF944D9DD10E}.Debug|Any CPU.ActiveCfg = Debug|Any CPU
		{6E985A09-34E0-4B8D-9A75-AF944D9DD10E}.Debug|Any CPU.Build.0 = Debug|Any CPU
		{6E985A09-34E0-4B8D-9A75-AF944D9DD10E}.Release|Any CPU.ActiveCfg = Release|Any CPU
		{6E985A09-34E0-4B8D-9A75-AF944D9DD10E}.Release|Any CPU.Build.0 = Release|Any CPU
		{B8D08536-8E4F-4B86-B377-3E1A4376608A}.Debug|Any CPU.ActiveCfg = Debug|Any CPU
		{B8D08536-8E4F-4B86-B377-3E1A4376608A}.Debug|Any CPU.Build.0 = Debug|Any CPU
		{B8D08536-8E4F-4B86-B377-3E1A4376608A}.Release|Any CPU.ActiveCfg = Release|Any CPU
		{B8D08536-8E4F-4B86-B377-3E1A4376608A}.Release|Any CPU.Build.0 = Release|Any CPU
		{DF323C9D-F603-42CE-AB23-E95CA69FFB80}.Debug|Any CPU.ActiveCfg = Debug|Any CPU
		{DF323C9D-F603-42CE-AB23-E95CA69FFB80}.Debug|Any CPU.Build.0 = Debug|Any CPU
		{DF323C9D-F603-42CE-AB23-E95CA69FFB80}.Release|Any CPU.ActiveCfg = Release|Any CPU
		{DF323C9D-F603-42CE-AB23-E95CA69FFB80}.Release|Any CPU.Build.0 = Release|Any CPU
		{027435A2-1ECB-4708-81AB-B66443A076BC}.Debug|Any CPU.ActiveCfg = Debug|Any CPU
		{027435A2-1ECB-4708-81AB-B66443A076BC}.Debug|Any CPU.Build.0 = Debug|Any CPU
		{027435A2-1ECB-4708-81AB-B66443A076BC}.Release|Any CPU.ActiveCfg = Release|Any CPU
		{027435A2-1ECB-4708-81AB-B66443A076BC}.Release|Any CPU.Build.0 = Release|Any CPU
		{62AF635D-6669-41D4-BE7E-1A7F08771996}.Debug|Any CPU.ActiveCfg = Debug|Any CPU
		{62AF635D-6669-41D4-BE7E-1A7F08771996}.Debug|Any CPU.Build.0 = Debug|Any CPU
		{62AF635D-6669-41D4-BE7E-1A7F08771996}.Release|Any CPU.ActiveCfg = Release|Any CPU
		{62AF635D-6669-41D4-BE7E-1A7F08771996}.Release|Any CPU.Build.0 = Release|Any CPU
		{239C7774-BAB3-4842-B86B-FE813708CE02}.Debug|Any CPU.ActiveCfg = Debug|Any CPU
		{239C7774-BAB3-4842-B86B-FE813708CE02}.Debug|Any CPU.Build.0 = Debug|Any CPU
		{239C7774-BAB3-4842-B86B-FE813708CE02}.Release|Any CPU.ActiveCfg = Release|Any CPU
		{239C7774-BAB3-4842-B86B-FE813708CE02}.Release|Any CPU.Build.0 = Release|Any CPU
		{FCD1C652-D683-45CD-8FD9-DDEE37B702A5}.Debug|Any CPU.ActiveCfg = Debug|Any CPU
		{FCD1C652-D683-45CD-8FD9-DDEE37B702A5}.Debug|Any CPU.Build.0 = Debug|Any CPU
		{FCD1C652-D683-45CD-8FD9-DDEE37B702A5}.Release|Any CPU.ActiveCfg = Release|Any CPU
		{FCD1C652-D683-45CD-8FD9-DDEE37B702A5}.Release|Any CPU.Build.0 = Release|Any CPU
		{29C5A412-7336-45B2-9D3B-2C76DE500F83}.Debug|Any CPU.ActiveCfg = Debug|Any CPU
		{29C5A412-7336-45B2-9D3B-2C76DE500F83}.Debug|Any CPU.Build.0 = Debug|Any CPU
		{29C5A412-7336-45B2-9D3B-2C76DE500F83}.Release|Any CPU.ActiveCfg = Release|Any CPU
		{29C5A412-7336-45B2-9D3B-2C76DE500F83}.Release|Any CPU.Build.0 = Release|Any CPU
		{DC37D489-7DFC-4465-89B6-14F4C38A4551}.Debug|Any CPU.ActiveCfg = Debug|Any CPU
		{DC37D489-7DFC-4465-89B6-14F4C38A4551}.Debug|Any CPU.Build.0 = Debug|Any CPU
		{DC37D489-7DFC-4465-89B6-14F4C38A4551}.Release|Any CPU.ActiveCfg = Release|Any CPU
		{DC37D489-7DFC-4465-89B6-14F4C38A4551}.Release|Any CPU.Build.0 = Release|Any CPU
		{A9A20D8A-9E00-40C9-8C4A-CE41A428285A}.Debug|Any CPU.ActiveCfg = Debug|Any CPU
		{A9A20D8A-9E00-40C9-8C4A-CE41A428285A}.Debug|Any CPU.Build.0 = Debug|Any CPU
		{A9A20D8A-9E00-40C9-8C4A-CE41A428285A}.Release|Any CPU.ActiveCfg = Release|Any CPU
		{A9A20D8A-9E00-40C9-8C4A-CE41A428285A}.Release|Any CPU.Build.0 = Release|Any CPU
		{90A53448-6CDD-478B-9060-AE15783E8F8D}.Debug|Any CPU.ActiveCfg = Debug|Any CPU
		{90A53448-6CDD-478B-9060-AE15783E8F8D}.Debug|Any CPU.Build.0 = Debug|Any CPU
		{90A53448-6CDD-478B-9060-AE15783E8F8D}.Release|Any CPU.ActiveCfg = Release|Any CPU
		{90A53448-6CDD-478B-9060-AE15783E8F8D}.Release|Any CPU.Build.0 = Release|Any CPU
		{7701064B-9E44-497B-98BC-2CD18D1486ED}.Debug|Any CPU.ActiveCfg = Debug|Any CPU
		{7701064B-9E44-497B-98BC-2CD18D1486ED}.Debug|Any CPU.Build.0 = Debug|Any CPU
		{7701064B-9E44-497B-98BC-2CD18D1486ED}.Release|Any CPU.ActiveCfg = Release|Any CPU
		{7701064B-9E44-497B-98BC-2CD18D1486ED}.Release|Any CPU.Build.0 = Release|Any CPU
		{012098C2-1AD5-49C5-BBBC-5BF58D54C055}.Debug|Any CPU.ActiveCfg = Debug|Any CPU
		{012098C2-1AD5-49C5-BBBC-5BF58D54C055}.Debug|Any CPU.Build.0 = Debug|Any CPU
		{012098C2-1AD5-49C5-BBBC-5BF58D54C055}.Release|Any CPU.ActiveCfg = Release|Any CPU
		{012098C2-1AD5-49C5-BBBC-5BF58D54C055}.Release|Any CPU.Build.0 = Release|Any CPU
		{CAF0382E-8A4F-490D-9CEB-3C0506C027C2}.Debug|Any CPU.ActiveCfg = Debug|Any CPU
		{CAF0382E-8A4F-490D-9CEB-3C0506C027C2}.Debug|Any CPU.Build.0 = Debug|Any CPU
		{CAF0382E-8A4F-490D-9CEB-3C0506C027C2}.Release|Any CPU.ActiveCfg = Release|Any CPU
		{CAF0382E-8A4F-490D-9CEB-3C0506C027C2}.Release|Any CPU.Build.0 = Release|Any CPU
		{92DBA871-9779-4E38-AC8F-8955D371AE80}.Debug|Any CPU.ActiveCfg = Debug|Any CPU
		{92DBA871-9779-4E38-AC8F-8955D371AE80}.Debug|Any CPU.Build.0 = Debug|Any CPU
		{92DBA871-9779-4E38-AC8F-8955D371AE80}.Release|Any CPU.ActiveCfg = Release|Any CPU
		{92DBA871-9779-4E38-AC8F-8955D371AE80}.Release|Any CPU.Build.0 = Release|Any CPU
		{BCE03BDF-EBCC-4328-82E9-EC67CA529076}.Debug|Any CPU.ActiveCfg = Debug|Any CPU
		{BCE03BDF-EBCC-4328-82E9-EC67CA529076}.Debug|Any CPU.Build.0 = Debug|Any CPU
		{BCE03BDF-EBCC-4328-82E9-EC67CA529076}.Release|Any CPU.ActiveCfg = Release|Any CPU
		{BCE03BDF-EBCC-4328-82E9-EC67CA529076}.Release|Any CPU.Build.0 = Release|Any CPU
		{E66EFBC1-5E16-4A00-A3FB-A671FB68ECC5}.Debug|Any CPU.ActiveCfg = Debug|Any CPU
		{E66EFBC1-5E16-4A00-A3FB-A671FB68ECC5}.Debug|Any CPU.Build.0 = Debug|Any CPU
		{E66EFBC1-5E16-4A00-A3FB-A671FB68ECC5}.Release|Any CPU.ActiveCfg = Release|Any CPU
		{E66EFBC1-5E16-4A00-A3FB-A671FB68ECC5}.Release|Any CPU.Build.0 = Release|Any CPU
	EndGlobalSection
	GlobalSection(SolutionProperties) = preSolution
		HideSolutionNode = FALSE
	EndGlobalSection
	GlobalSection(NestedProjects) = preSolution
		{1C90AB9D-DC0D-4A40-BB69-FD68BE2DBBD1} = {19E3808B-0F63-43CF-9607-BEB6BB7D750F}
		{DC92B90B-0E4F-4979-8B49-E2C2F2BC10FD} = {19E3808B-0F63-43CF-9607-BEB6BB7D750F}
		{375F5758-CF58-41B8-9338-575E9D124CE9} = {19E3808B-0F63-43CF-9607-BEB6BB7D750F}
		{E9F7AF68-EDC1-4809-98FA-1500ACAA1AA2} = {19E3808B-0F63-43CF-9607-BEB6BB7D750F}
		{608143A4-0ECD-49B6-A26B-A34C87EED541} = {19E3808B-0F63-43CF-9607-BEB6BB7D750F}
		{CEAAF937-63E3-452C-B9DF-71F045ED69BB} = {19E3808B-0F63-43CF-9607-BEB6BB7D750F}
		{708371B5-4BBD-4E5D-806F-584ED6C37865} = {19E3808B-0F63-43CF-9607-BEB6BB7D750F}
		{8E22F2EA-D41F-4085-8F19-4ACFFD32CA31} = {19E3808B-0F63-43CF-9607-BEB6BB7D750F}
		{6E985A09-34E0-4B8D-9A75-AF944D9DD10E} = {19E3808B-0F63-43CF-9607-BEB6BB7D750F}
		{B8D08536-8E4F-4B86-B377-3E1A4376608A} = {19E3808B-0F63-43CF-9607-BEB6BB7D750F}
		{DF323C9D-F603-42CE-AB23-E95CA69FFB80} = {19E3808B-0F63-43CF-9607-BEB6BB7D750F}
	EndGlobalSection
EndGlobal
