
Microsoft Visual Studio Solution File, Format Version 12.00
# Visual Studio 14
VisualStudioVersion = 14.0.25420.1
MinimumVisualStudioVersion = 10.0.40219.1
Project("{FAE04EC0-301F-11D3-BF4B-00C04F79EFBC}") = "Leora.Cli", "Leora.Cli\Leora.Cli.csproj", "{027435A2-1ECB-4708-81AB-B66443A076BC}"
EndProject
Project("{FAE04EC0-301F-11D3-BF4B-00C04F79EFBC}") = "Leora.Commands", "Leora.Commands\Leora.Commands.csproj", "{62AF635D-6669-41D4-BE7E-1A7F08771996}"
EndProject
Project("{FAE04EC0-301F-11D3-BF4B-00C04F79EFBC}") = "Leora.Commands.Contracts", "Leora.Commands.Contracts\Leora.Commands.Contracts.csproj", "{239C7774-BAB3-4842-B86B-FE813708CE02}"
EndProject
Project("{FAE04EC0-301F-11D3-BF4B-00C04F79EFBC}") = "Leora.Commands.AspNetWebApi2", "Leora.Commands.AspNetWebApi2\Leora.Commands.AspNetWebApi2.csproj", "{FCD1C652-D683-45CD-8FD9-DDEE37B702A5}"
EndProject
Project("{FAE04EC0-301F-11D3-BF4B-00C04F79EFBC}") = "Leora.Commands.Angular2", "Leora.Commands.Angular2\Leora.Commands.Angular2.csproj", "{29C5A412-7336-45B2-9D3B-2C76DE500F83}"
EndProject
Project("{FAE04EC0-301F-11D3-BF4B-00C04F79EFBC}") = "Leora.Services", "Leora.Services\Leora.Services.csproj", "{DC37D489-7DFC-4465-89B6-14F4C38A4551}"
EndProject
Project("{FAE04EC0-301F-11D3-BF4B-00C04F79EFBC}") = "Leora.Services.Contracts", "Leora.Services.Contracts\Leora.Services.Contracts.csproj", "{A9A20D8A-9E00-40C9-8C4A-CE41A428285A}"
EndProject
Project("{FAE04EC0-301F-11D3-BF4B-00C04F79EFBC}") = "Leora.Models", "Leora.Models\Leora.Models.csproj", "{90A53448-6CDD-478B-9060-AE15783E8F8D}"
EndProject
Project("{FAE04EC0-301F-11D3-BF4B-00C04F79EFBC}") = "Leora.Commands.Angular1", "Leora.Commands.Angular1\Leora.Commands.Angular1.csproj", "{7701064B-9E44-497B-98BC-2CD18D1486ED}"
EndProject
Project("{FAE04EC0-301F-11D3-BF4B-00C04F79EFBC}") = "Leora.Commands.React", "Leora.Commands.React\Leora.Commands.React.csproj", "{012098C2-1AD5-49C5-BBBC-5BF58D54C055}"
EndProject
Project("{FAE04EC0-301F-11D3-BF4B-00C04F79EFBC}") = "Leora.Templates", "Leora.Templates\Leora.Templates.csproj", "{CAF0382E-8A4F-490D-9CEB-3C0506C027C2}"
EndProject
Project("{FAE04EC0-301F-11D3-BF4B-00C04F79EFBC}") = "Leora.Services.Angular1", "Leora.Services.Angular1\Leora.Services.Angular1.csproj", "{92DBA871-9779-4E38-AC8F-8955D371AE80}"
EndProject
Project("{FAE04EC0-301F-11D3-BF4B-00C04F79EFBC}") = "Leora.Services.AspNetWebApi2", "Leora.Services.AspNetWebApi2\Leora.Services.AspNetWebApi2.csproj", "{BCE03BDF-EBCC-4328-82E9-EC67CA529076}"
EndProject
Project("{FAE04EC0-301F-11D3-BF4B-00C04F79EFBC}") = "Leora.Commands.Handlebars", "Leora.Commands.Handlebars\Leora.Commands.Handlebars.csproj", "{E66EFBC1-5E16-4A00-A3FB-A671FB68ECC5}"
EndProject
Project("{FAE04EC0-301F-11D3-BF4B-00C04F79EFBC}") = "Leora.Services.Tests", "Leora.Services.Tests\Leora.Services.Tests.csproj", "{3ED1EB6B-5950-4CF3-8365-69BB7001182E}"
EndProject
Project("{FAE04EC0-301F-11D3-BF4B-00C04F79EFBC}") = "Leora.Commands.Angular1.Tests", "Leora.Commands.Angular1.Tests\Leora.Commands.Angular1.Tests.csproj", "{49A1CF98-DB95-4406-B631-B3FDD0530BA0}"
EndProject
Project("{FAE04EC0-301F-11D3-BF4B-00C04F79EFBC}") = "Leora.Commands.AspNetWebApi2.Tests", "Leora.Commands.AspNetWebApi2.Tests\Leora.Commands.AspNetWebApi2.Tests.csproj", "{EE7C8A57-6CA8-4BF1-8118-1716D667B3B5}"
EndProject
Project("{FAE04EC0-301F-11D3-BF4B-00C04F79EFBC}") = "Leora.Services.Mocks", "Leora.Services.Mocks\Leora.Services.Mocks.csproj", "{36EFD2E6-C4E5-4073-94B1-D6046FACC3E0}"
EndProject
Project("{FAE04EC0-301F-11D3-BF4B-00C04F79EFBC}") = "Leora.Cli.Tests", "Leora.Cli.Tests\Leora.Cli.Tests.csproj", "{F2453CA2-672C-4E81-B399-E8E0A61F6BCA}"
EndProject
Project("{FAE04EC0-301F-11D3-BF4B-00C04F79EFBC}") = "Leora.Commands.Tests", "Leora.Commands.Tests\Leora.Commands.Tests.csproj", "{CAFB4EB5-49E5-4F8B-84C7-EB3D4779E644}"
EndProject
Project("{FAE04EC0-301F-11D3-BF4B-00C04F79EFBC}") = "Leora.Commands.Angular2.Tests", "Leora.Commands.Angular2.Tests\Leora.Commands.Angular2.Tests.csproj", "{A4927CDC-BDD5-4839-AF54-9988826A424E}"
EndProject
Project("{FAE04EC0-301F-11D3-BF4B-00C04F79EFBC}") = "Leora.Commands.React.Tests", "Leora.Commands.React.Tests\Leora.Commands.React.Tests.csproj", "{F09AB62C-DAAA-4659-B73D-225C9021120B}"
EndProject
Project("{FAE04EC0-301F-11D3-BF4B-00C04F79EFBC}") = "Leora.Services.Angular1.Tests", "Leora.Services.Angular1.Tests\Leora.Services.Angular1.Tests.csproj", "{0679B039-6ABD-44E2-A918-86174611E6DB}"
EndProject
Project("{FAE04EC0-301F-11D3-BF4B-00C04F79EFBC}") = "Leora.Services.AspNetWebApi2.Tests", "Leora.Services.AspNetWebApi2.Tests\Leora.Services.AspNetWebApi2.Tests.csproj", "{01C3831F-947B-4BA3-B374-6654B41FF6B2}"
EndProject
Project("{FAE04EC0-301F-11D3-BF4B-00C04F79EFBC}") = "Leora.Commands.Handlebars.Tests", "Leora.Commands.Handlebars.Tests\Leora.Commands.Handlebars.Tests.csproj", "{97F9C86B-CA57-454C-97BA-F9F8A46BBBCE}"
EndProject
Project("{FAE04EC0-301F-11D3-BF4B-00C04F79EFBC}") = "Leora.Commands.FrontendWorkflow", "Leora.Commands.FrontendWorkflow\Leora.Commands.FrontendWorkflow.csproj", "{6E9D26F3-1079-4857-B4F2-0FB8499EDFB8}"
EndProject
Project("{FAE04EC0-301F-11D3-BF4B-00C04F79EFBC}") = "Leora.Commands.FrontendWorkflow.Tests", "Leora.Commands.FrontendWorkflow.Tests\Leora.Commands.FrontendWorkflow.Tests.csproj", "{BBBCED87-C6F5-41A4-BD50-C5EE071A6168}"
EndProject
Project("{FAE04EC0-301F-11D3-BF4B-00C04F79EFBC}") = "Leora.Services.VisualStudio.Tests", "Leora.Services.VisualStudio.Tests\Leora.Services.VisualStudio.Tests.csproj", "{3E614C8D-6F34-4088-AD79-92813F8A647F}"
EndProject
Project("{FAE04EC0-301F-11D3-BF4B-00C04F79EFBC}") = "Leora.Services.VisualStudio", "Leora.Services.VisualStudio\Leora.Services.VisualStudio.csproj", "{9AAEEDF8-2798-4D3E-B1B9-36B7ADD4F365}"
EndProject
Project("{FAE04EC0-301F-11D3-BF4B-00C04F79EFBC}") = "Leora.Commands.VisualStudio", "Leora.Commands.VisualStudio\Leora.Commands.VisualStudio.csproj", "{4E33F438-9D8C-4669-B76F-E36DEA2295CE}"
EndProject
Project("{FAE04EC0-301F-11D3-BF4B-00C04F79EFBC}") = "Leora.Commands.VisualStudio.Tests", "Leora.Commands.VisualStudio.Tests\Leora.Commands.VisualStudio.Tests.csproj", "{13DF0789-BE26-4EB4-BC15-05456758DC03}"
EndProject
Project("{FAE04EC0-301F-11D3-BF4B-00C04F79EFBC}") = "Leora.IO.QuickJobs", "Leora.IO.QuickJobs\Leora.IO.QuickJobs.csproj", "{69DEE6E8-69C7-42AC-AB07-A692015184E3}"
EndProject
Project("{FAE04EC0-301F-11D3-BF4B-00C04F79EFBC}") = "Leora.Commands.AspNetCore", "Leora.Commands.AspNetCore\Leora.Commands.AspNetCore.csproj", "{9D8D7E09-8443-4D89-9E04-C81C716F5DEA}"
EndProject
Project("{FAE04EC0-301F-11D3-BF4B-00C04F79EFBC}") = "Leora.Commands.Node", "Leora.Commands.Node\Leora.Commands.Node.csproj", "{CC4C372E-03BA-4914-9CC2-537920B03F3E}"
EndProject
Project("{FAE04EC0-301F-11D3-BF4B-00C04F79EFBC}") = "Leora.Commands.CustomElements", "Leora.Commands.CustomElements\Leora.Commands.CustomElements.csproj", "{64901FCA-9EEB-4289-9C36-F57F0DA2755E}"
EndProject
Project("{FAE04EC0-301F-11D3-BF4B-00C04F79EFBC}") = "Leora.Commands.VanillaJS", "Leora.Commands.VanillaJS\Leora.Commands.VanillaJS.csproj", "{6FD7C081-C314-4A2A-81DC-4D56BC11C59D}"
EndProject
Global
	GlobalSection(SolutionConfigurationPlatforms) = preSolution
		Debug|Any CPU = Debug|Any CPU
		Release|Any CPU = Release|Any CPU
	EndGlobalSection
	GlobalSection(ProjectConfigurationPlatforms) = postSolution
		{027435A2-1ECB-4708-81AB-B66443A076BC}.Debug|Any CPU.ActiveCfg = Debug|Any CPU
		{027435A2-1ECB-4708-81AB-B66443A076BC}.Debug|Any CPU.Build.0 = Debug|Any CPU
		{027435A2-1ECB-4708-81AB-B66443A076BC}.Release|Any CPU.ActiveCfg = Release|Any CPU
		{027435A2-1ECB-4708-81AB-B66443A076BC}.Release|Any CPU.Build.0 = Release|Any CPU
		{62AF635D-6669-41D4-BE7E-1A7F08771996}.Debug|Any CPU.ActiveCfg = Debug|Any CPU
		{62AF635D-6669-41D4-BE7E-1A7F08771996}.Debug|Any CPU.Build.0 = Debug|Any CPU
		{62AF635D-6669-41D4-BE7E-1A7F08771996}.Release|Any CPU.ActiveCfg = Release|Any CPU
		{62AF635D-6669-41D4-BE7E-1A7F08771996}.Release|Any CPU.Build.0 = Release|Any CPU
		{239C7774-BAB3-4842-B86B-FE813708CE02}.Debug|Any CPU.ActiveCfg = Debug|Any CPU
		{239C7774-BAB3-4842-B86B-FE813708CE02}.Debug|Any CPU.Build.0 = Debug|Any CPU
		{239C7774-BAB3-4842-B86B-FE813708CE02}.Release|Any CPU.ActiveCfg = Release|Any CPU
		{239C7774-BAB3-4842-B86B-FE813708CE02}.Release|Any CPU.Build.0 = Release|Any CPU
		{FCD1C652-D683-45CD-8FD9-DDEE37B702A5}.Debug|Any CPU.ActiveCfg = Debug|Any CPU
		{FCD1C652-D683-45CD-8FD9-DDEE37B702A5}.Debug|Any CPU.Build.0 = Debug|Any CPU
		{FCD1C652-D683-45CD-8FD9-DDEE37B702A5}.Release|Any CPU.ActiveCfg = Release|Any CPU
		{FCD1C652-D683-45CD-8FD9-DDEE37B702A5}.Release|Any CPU.Build.0 = Release|Any CPU
		{29C5A412-7336-45B2-9D3B-2C76DE500F83}.Debug|Any CPU.ActiveCfg = Debug|Any CPU
		{29C5A412-7336-45B2-9D3B-2C76DE500F83}.Debug|Any CPU.Build.0 = Debug|Any CPU
		{29C5A412-7336-45B2-9D3B-2C76DE500F83}.Release|Any CPU.ActiveCfg = Release|Any CPU
		{29C5A412-7336-45B2-9D3B-2C76DE500F83}.Release|Any CPU.Build.0 = Release|Any CPU
		{DC37D489-7DFC-4465-89B6-14F4C38A4551}.Debug|Any CPU.ActiveCfg = Debug|Any CPU
		{DC37D489-7DFC-4465-89B6-14F4C38A4551}.Debug|Any CPU.Build.0 = Debug|Any CPU
		{DC37D489-7DFC-4465-89B6-14F4C38A4551}.Release|Any CPU.ActiveCfg = Release|Any CPU
		{DC37D489-7DFC-4465-89B6-14F4C38A4551}.Release|Any CPU.Build.0 = Release|Any CPU
		{A9A20D8A-9E00-40C9-8C4A-CE41A428285A}.Debug|Any CPU.ActiveCfg = Debug|Any CPU
		{A9A20D8A-9E00-40C9-8C4A-CE41A428285A}.Debug|Any CPU.Build.0 = Debug|Any CPU
		{A9A20D8A-9E00-40C9-8C4A-CE41A428285A}.Release|Any CPU.ActiveCfg = Release|Any CPU
		{A9A20D8A-9E00-40C9-8C4A-CE41A428285A}.Release|Any CPU.Build.0 = Release|Any CPU
		{90A53448-6CDD-478B-9060-AE15783E8F8D}.Debug|Any CPU.ActiveCfg = Debug|Any CPU
		{90A53448-6CDD-478B-9060-AE15783E8F8D}.Debug|Any CPU.Build.0 = Debug|Any CPU
		{90A53448-6CDD-478B-9060-AE15783E8F8D}.Release|Any CPU.ActiveCfg = Release|Any CPU
		{90A53448-6CDD-478B-9060-AE15783E8F8D}.Release|Any CPU.Build.0 = Release|Any CPU
		{7701064B-9E44-497B-98BC-2CD18D1486ED}.Debug|Any CPU.ActiveCfg = Debug|Any CPU
		{7701064B-9E44-497B-98BC-2CD18D1486ED}.Debug|Any CPU.Build.0 = Debug|Any CPU
		{7701064B-9E44-497B-98BC-2CD18D1486ED}.Release|Any CPU.ActiveCfg = Release|Any CPU
		{7701064B-9E44-497B-98BC-2CD18D1486ED}.Release|Any CPU.Build.0 = Release|Any CPU
		{012098C2-1AD5-49C5-BBBC-5BF58D54C055}.Debug|Any CPU.ActiveCfg = Debug|Any CPU
		{012098C2-1AD5-49C5-BBBC-5BF58D54C055}.Debug|Any CPU.Build.0 = Debug|Any CPU
		{012098C2-1AD5-49C5-BBBC-5BF58D54C055}.Release|Any CPU.ActiveCfg = Release|Any CPU
		{012098C2-1AD5-49C5-BBBC-5BF58D54C055}.Release|Any CPU.Build.0 = Release|Any CPU
		{CAF0382E-8A4F-490D-9CEB-3C0506C027C2}.Debug|Any CPU.ActiveCfg = Debug|Any CPU
		{CAF0382E-8A4F-490D-9CEB-3C0506C027C2}.Debug|Any CPU.Build.0 = Debug|Any CPU
		{CAF0382E-8A4F-490D-9CEB-3C0506C027C2}.Release|Any CPU.ActiveCfg = Release|Any CPU
		{CAF0382E-8A4F-490D-9CEB-3C0506C027C2}.Release|Any CPU.Build.0 = Release|Any CPU
		{92DBA871-9779-4E38-AC8F-8955D371AE80}.Debug|Any CPU.ActiveCfg = Debug|Any CPU
		{92DBA871-9779-4E38-AC8F-8955D371AE80}.Debug|Any CPU.Build.0 = Debug|Any CPU
		{92DBA871-9779-4E38-AC8F-8955D371AE80}.Release|Any CPU.ActiveCfg = Release|Any CPU
		{92DBA871-9779-4E38-AC8F-8955D371AE80}.Release|Any CPU.Build.0 = Release|Any CPU
		{BCE03BDF-EBCC-4328-82E9-EC67CA529076}.Debug|Any CPU.ActiveCfg = Debug|Any CPU
		{BCE03BDF-EBCC-4328-82E9-EC67CA529076}.Debug|Any CPU.Build.0 = Debug|Any CPU
		{BCE03BDF-EBCC-4328-82E9-EC67CA529076}.Release|Any CPU.ActiveCfg = Release|Any CPU
		{BCE03BDF-EBCC-4328-82E9-EC67CA529076}.Release|Any CPU.Build.0 = Release|Any CPU
		{E66EFBC1-5E16-4A00-A3FB-A671FB68ECC5}.Debug|Any CPU.ActiveCfg = Debug|Any CPU
		{E66EFBC1-5E16-4A00-A3FB-A671FB68ECC5}.Debug|Any CPU.Build.0 = Debug|Any CPU
		{E66EFBC1-5E16-4A00-A3FB-A671FB68ECC5}.Release|Any CPU.ActiveCfg = Release|Any CPU
		{E66EFBC1-5E16-4A00-A3FB-A671FB68ECC5}.Release|Any CPU.Build.0 = Release|Any CPU
		{3ED1EB6B-5950-4CF3-8365-69BB7001182E}.Debug|Any CPU.ActiveCfg = Debug|Any CPU
		{3ED1EB6B-5950-4CF3-8365-69BB7001182E}.Debug|Any CPU.Build.0 = Debug|Any CPU
		{3ED1EB6B-5950-4CF3-8365-69BB7001182E}.Release|Any CPU.ActiveCfg = Release|Any CPU
		{3ED1EB6B-5950-4CF3-8365-69BB7001182E}.Release|Any CPU.Build.0 = Release|Any CPU
		{49A1CF98-DB95-4406-B631-B3FDD0530BA0}.Debug|Any CPU.ActiveCfg = Debug|Any CPU
		{49A1CF98-DB95-4406-B631-B3FDD0530BA0}.Debug|Any CPU.Build.0 = Debug|Any CPU
		{49A1CF98-DB95-4406-B631-B3FDD0530BA0}.Release|Any CPU.ActiveCfg = Release|Any CPU
		{49A1CF98-DB95-4406-B631-B3FDD0530BA0}.Release|Any CPU.Build.0 = Release|Any CPU
		{EE7C8A57-6CA8-4BF1-8118-1716D667B3B5}.Debug|Any CPU.ActiveCfg = Debug|Any CPU
		{EE7C8A57-6CA8-4BF1-8118-1716D667B3B5}.Debug|Any CPU.Build.0 = Debug|Any CPU
		{EE7C8A57-6CA8-4BF1-8118-1716D667B3B5}.Release|Any CPU.ActiveCfg = Release|Any CPU
		{EE7C8A57-6CA8-4BF1-8118-1716D667B3B5}.Release|Any CPU.Build.0 = Release|Any CPU
		{36EFD2E6-C4E5-4073-94B1-D6046FACC3E0}.Debug|Any CPU.ActiveCfg = Debug|Any CPU
		{36EFD2E6-C4E5-4073-94B1-D6046FACC3E0}.Debug|Any CPU.Build.0 = Debug|Any CPU
		{36EFD2E6-C4E5-4073-94B1-D6046FACC3E0}.Release|Any CPU.ActiveCfg = Release|Any CPU
		{36EFD2E6-C4E5-4073-94B1-D6046FACC3E0}.Release|Any CPU.Build.0 = Release|Any CPU
		{F2453CA2-672C-4E81-B399-E8E0A61F6BCA}.Debug|Any CPU.ActiveCfg = Debug|Any CPU
		{F2453CA2-672C-4E81-B399-E8E0A61F6BCA}.Debug|Any CPU.Build.0 = Debug|Any CPU
		{F2453CA2-672C-4E81-B399-E8E0A61F6BCA}.Release|Any CPU.ActiveCfg = Release|Any CPU
		{F2453CA2-672C-4E81-B399-E8E0A61F6BCA}.Release|Any CPU.Build.0 = Release|Any CPU
		{CAFB4EB5-49E5-4F8B-84C7-EB3D4779E644}.Debug|Any CPU.ActiveCfg = Debug|Any CPU
		{CAFB4EB5-49E5-4F8B-84C7-EB3D4779E644}.Debug|Any CPU.Build.0 = Debug|Any CPU
		{CAFB4EB5-49E5-4F8B-84C7-EB3D4779E644}.Release|Any CPU.ActiveCfg = Release|Any CPU
		{CAFB4EB5-49E5-4F8B-84C7-EB3D4779E644}.Release|Any CPU.Build.0 = Release|Any CPU
		{A4927CDC-BDD5-4839-AF54-9988826A424E}.Debug|Any CPU.ActiveCfg = Debug|Any CPU
		{A4927CDC-BDD5-4839-AF54-9988826A424E}.Debug|Any CPU.Build.0 = Debug|Any CPU
		{A4927CDC-BDD5-4839-AF54-9988826A424E}.Release|Any CPU.ActiveCfg = Release|Any CPU
		{A4927CDC-BDD5-4839-AF54-9988826A424E}.Release|Any CPU.Build.0 = Release|Any CPU
		{F09AB62C-DAAA-4659-B73D-225C9021120B}.Debug|Any CPU.ActiveCfg = Debug|Any CPU
		{F09AB62C-DAAA-4659-B73D-225C9021120B}.Debug|Any CPU.Build.0 = Debug|Any CPU
		{F09AB62C-DAAA-4659-B73D-225C9021120B}.Release|Any CPU.ActiveCfg = Release|Any CPU
		{F09AB62C-DAAA-4659-B73D-225C9021120B}.Release|Any CPU.Build.0 = Release|Any CPU
		{0679B039-6ABD-44E2-A918-86174611E6DB}.Debug|Any CPU.ActiveCfg = Debug|Any CPU
		{0679B039-6ABD-44E2-A918-86174611E6DB}.Debug|Any CPU.Build.0 = Debug|Any CPU
		{0679B039-6ABD-44E2-A918-86174611E6DB}.Release|Any CPU.ActiveCfg = Release|Any CPU
		{0679B039-6ABD-44E2-A918-86174611E6DB}.Release|Any CPU.Build.0 = Release|Any CPU
		{01C3831F-947B-4BA3-B374-6654B41FF6B2}.Debug|Any CPU.ActiveCfg = Debug|Any CPU
		{01C3831F-947B-4BA3-B374-6654B41FF6B2}.Debug|Any CPU.Build.0 = Debug|Any CPU
		{01C3831F-947B-4BA3-B374-6654B41FF6B2}.Release|Any CPU.ActiveCfg = Release|Any CPU
		{01C3831F-947B-4BA3-B374-6654B41FF6B2}.Release|Any CPU.Build.0 = Release|Any CPU
		{97F9C86B-CA57-454C-97BA-F9F8A46BBBCE}.Debug|Any CPU.ActiveCfg = Debug|Any CPU
		{97F9C86B-CA57-454C-97BA-F9F8A46BBBCE}.Debug|Any CPU.Build.0 = Debug|Any CPU
		{97F9C86B-CA57-454C-97BA-F9F8A46BBBCE}.Release|Any CPU.ActiveCfg = Release|Any CPU
		{97F9C86B-CA57-454C-97BA-F9F8A46BBBCE}.Release|Any CPU.Build.0 = Release|Any CPU
		{6E9D26F3-1079-4857-B4F2-0FB8499EDFB8}.Debug|Any CPU.ActiveCfg = Debug|Any CPU
		{6E9D26F3-1079-4857-B4F2-0FB8499EDFB8}.Debug|Any CPU.Build.0 = Debug|Any CPU
		{6E9D26F3-1079-4857-B4F2-0FB8499EDFB8}.Release|Any CPU.ActiveCfg = Release|Any CPU
		{6E9D26F3-1079-4857-B4F2-0FB8499EDFB8}.Release|Any CPU.Build.0 = Release|Any CPU
		{BBBCED87-C6F5-41A4-BD50-C5EE071A6168}.Debug|Any CPU.ActiveCfg = Debug|Any CPU
		{BBBCED87-C6F5-41A4-BD50-C5EE071A6168}.Debug|Any CPU.Build.0 = Debug|Any CPU
		{BBBCED87-C6F5-41A4-BD50-C5EE071A6168}.Release|Any CPU.ActiveCfg = Release|Any CPU
		{BBBCED87-C6F5-41A4-BD50-C5EE071A6168}.Release|Any CPU.Build.0 = Release|Any CPU
		{3E614C8D-6F34-4088-AD79-92813F8A647F}.Debug|Any CPU.ActiveCfg = Debug|Any CPU
		{3E614C8D-6F34-4088-AD79-92813F8A647F}.Debug|Any CPU.Build.0 = Debug|Any CPU
		{3E614C8D-6F34-4088-AD79-92813F8A647F}.Release|Any CPU.ActiveCfg = Release|Any CPU
		{3E614C8D-6F34-4088-AD79-92813F8A647F}.Release|Any CPU.Build.0 = Release|Any CPU
		{9AAEEDF8-2798-4D3E-B1B9-36B7ADD4F365}.Debug|Any CPU.ActiveCfg = Debug|Any CPU
		{9AAEEDF8-2798-4D3E-B1B9-36B7ADD4F365}.Debug|Any CPU.Build.0 = Debug|Any CPU
		{9AAEEDF8-2798-4D3E-B1B9-36B7ADD4F365}.Release|Any CPU.ActiveCfg = Release|Any CPU
		{9AAEEDF8-2798-4D3E-B1B9-36B7ADD4F365}.Release|Any CPU.Build.0 = Release|Any CPU
		{4E33F438-9D8C-4669-B76F-E36DEA2295CE}.Debug|Any CPU.ActiveCfg = Debug|Any CPU
		{4E33F438-9D8C-4669-B76F-E36DEA2295CE}.Debug|Any CPU.Build.0 = Debug|Any CPU
		{4E33F438-9D8C-4669-B76F-E36DEA2295CE}.Release|Any CPU.ActiveCfg = Release|Any CPU
		{4E33F438-9D8C-4669-B76F-E36DEA2295CE}.Release|Any CPU.Build.0 = Release|Any CPU
		{13DF0789-BE26-4EB4-BC15-05456758DC03}.Debug|Any CPU.ActiveCfg = Debug|Any CPU
		{13DF0789-BE26-4EB4-BC15-05456758DC03}.Debug|Any CPU.Build.0 = Debug|Any CPU
		{13DF0789-BE26-4EB4-BC15-05456758DC03}.Release|Any CPU.ActiveCfg = Release|Any CPU
		{13DF0789-BE26-4EB4-BC15-05456758DC03}.Release|Any CPU.Build.0 = Release|Any CPU
		{69DEE6E8-69C7-42AC-AB07-A692015184E3}.Debug|Any CPU.ActiveCfg = Debug|Any CPU
		{69DEE6E8-69C7-42AC-AB07-A692015184E3}.Debug|Any CPU.Build.0 = Debug|Any CPU
		{69DEE6E8-69C7-42AC-AB07-A692015184E3}.Release|Any CPU.ActiveCfg = Release|Any CPU
		{69DEE6E8-69C7-42AC-AB07-A692015184E3}.Release|Any CPU.Build.0 = Release|Any CPU
		{9D8D7E09-8443-4D89-9E04-C81C716F5DEA}.Debug|Any CPU.ActiveCfg = Debug|Any CPU
		{9D8D7E09-8443-4D89-9E04-C81C716F5DEA}.Debug|Any CPU.Build.0 = Debug|Any CPU
		{9D8D7E09-8443-4D89-9E04-C81C716F5DEA}.Release|Any CPU.ActiveCfg = Release|Any CPU
		{9D8D7E09-8443-4D89-9E04-C81C716F5DEA}.Release|Any CPU.Build.0 = Release|Any CPU
		{CC4C372E-03BA-4914-9CC2-537920B03F3E}.Debug|Any CPU.ActiveCfg = Debug|Any CPU
		{CC4C372E-03BA-4914-9CC2-537920B03F3E}.Debug|Any CPU.Build.0 = Debug|Any CPU
		{CC4C372E-03BA-4914-9CC2-537920B03F3E}.Release|Any CPU.ActiveCfg = Release|Any CPU
		{CC4C372E-03BA-4914-9CC2-537920B03F3E}.Release|Any CPU.Build.0 = Release|Any CPU
		{64901FCA-9EEB-4289-9C36-F57F0DA2755E}.Debug|Any CPU.ActiveCfg = Debug|Any CPU
		{64901FCA-9EEB-4289-9C36-F57F0DA2755E}.Debug|Any CPU.Build.0 = Debug|Any CPU
		{64901FCA-9EEB-4289-9C36-F57F0DA2755E}.Release|Any CPU.ActiveCfg = Release|Any CPU
		{64901FCA-9EEB-4289-9C36-F57F0DA2755E}.Release|Any CPU.Build.0 = Release|Any CPU
		{6FD7C081-C314-4A2A-81DC-4D56BC11C59D}.Debug|Any CPU.ActiveCfg = Debug|Any CPU
		{6FD7C081-C314-4A2A-81DC-4D56BC11C59D}.Debug|Any CPU.Build.0 = Debug|Any CPU
		{6FD7C081-C314-4A2A-81DC-4D56BC11C59D}.Release|Any CPU.ActiveCfg = Release|Any CPU
		{6FD7C081-C314-4A2A-81DC-4D56BC11C59D}.Release|Any CPU.Build.0 = Release|Any CPU
	EndGlobalSection
	GlobalSection(SolutionProperties) = preSolution
		HideSolutionNode = FALSE
	EndGlobalSection
EndGlobal
